
Microsoft Visual Studio Solution File, Format Version 12.00
# Visual Studio 2013
VisualStudioVersion = 12.0.21005.1
MinimumVisualStudioVersion = 10.0.40219.1
Project("{FAE04EC0-301F-11D3-BF4B-00C04F79EFBC}") = "KatanaGettingStarted", "KatanaGettingStarted\KatanaGettingStarted.csproj", "{DD6CCDCD-87D1-4215-8B78-8DB727F98317}"
EndProject
Project("{FAE04EC0-301F-11D3-BF4B-00C04F79EFBC}") = "OwinHost", "OwinHost\OwinHost.csproj", "{74246DB2-FF7D-49A8-89AA-B9ECBCA4B33A}"
EndProject
Global
	GlobalSection(SolutionConfigurationPlatforms) = preSolution
		Debug|Any CPU = Debug|Any CPU
		Release|Any CPU = Release|Any CPU
	EndGlobalSection
	GlobalSection(ProjectConfigurationPlatforms) = postSolution
		{DD6CCDCD-87D1-4215-8B78-8DB727F98317}.Debug|Any CPU.ActiveCfg = Debug|Any CPU
		{DD6CCDCD-87D1-4215-8B78-8DB727F98317}.Debug|Any CPU.Build.0 = Debug|Any CPU
		{DD6CCDCD-87D1-4215-8B78-8DB727F98317}.Release|Any CPU.ActiveCfg = Release|Any CPU
		{DD6CCDCD-87D1-4215-8B78-8DB727F98317}.Release|Any CPU.Build.0 = Release|Any CPU
		{74246DB2-FF7D-49A8-89AA-B9ECBCA4B33A}.Debug|Any CPU.ActiveCfg = Debug|Any CPU
		{74246DB2-FF7D-49A8-89AA-B9ECBCA4B33A}.Debug|Any CPU.Build.0 = Debug|Any CPU
		{74246DB2-FF7D-49A8-89AA-B9ECBCA4B33A}.Release|Any CPU.ActiveCfg = Release|Any CPU
		{74246DB2-FF7D-49A8-89AA-B9ECBCA4B33A}.Release|Any CPU.Build.0 = Release|Any CPU
	EndGlobalSection
	GlobalSection(SolutionProperties) = preSolution
		HideSolutionNode = FALSE
	EndGlobalSection
EndGlobal
