
Microsoft Visual Studio Solution File, Format Version 12.00
# Visual Studio 2012
Project("{FAE04EC0-301F-11D3-BF4B-00C04F79EFBC}") = "KnockoutTypescript", "KnockoutTypescript\KnockoutTypescript.csproj", "{2B38F968-C262-4D16-85C4-231182AE99C1}"
EndProject
Global
	GlobalSection(SolutionConfigurationPlatforms) = preSolution
		Debug|Any CPU = Debug|Any CPU
		Release|Any CPU = Release|Any CPU
	EndGlobalSection
	GlobalSection(ProjectConfigurationPlatforms) = postSolution
		{2B38F968-C262-4D16-85C4-231182AE99C1}.Debug|Any CPU.ActiveCfg = Debug|Any CPU
		{2B38F968-C262-4D16-85C4-231182AE99C1}.Debug|Any CPU.Build.0 = Debug|Any CPU
		{2B38F968-C262-4D16-85C4-231182AE99C1}.Release|Any CPU.ActiveCfg = Release|Any CPU
		{2B38F968-C262-4D16-85C4-231182AE99C1}.Release|Any CPU.Build.0 = Release|Any CPU
	EndGlobalSection
	GlobalSection(SolutionProperties) = preSolution
		HideSolutionNode = FALSE
	EndGlobalSection
EndGlobal
