
Microsoft Visual Studio Solution File, Format Version 12.00
# Visual Studio 2012
Project("{FAE04EC0-301F-11D3-BF4B-00C04F79EFBC}") = "WpfAsyncDownload", "WpfAsyncDownload\WpfAsyncDownload.csproj", "{817C20E1-5504-4197-88BB-1BD6447BA955}"
EndProject
Global
	GlobalSection(SolutionConfigurationPlatforms) = preSolution
		Debug|Any CPU = Debug|Any CPU
		Release|Any CPU = Release|Any CPU
	EndGlobalSection
	GlobalSection(ProjectConfigurationPlatforms) = postSolution
		{817C20E1-5504-4197-88BB-1BD6447BA955}.Debug|Any CPU.ActiveCfg = Debug|Any CPU
		{817C20E1-5504-4197-88BB-1BD6447BA955}.Debug|Any CPU.Build.0 = Debug|Any CPU
		{817C20E1-5504-4197-88BB-1BD6447BA955}.Release|Any CPU.ActiveCfg = Release|Any CPU
		{817C20E1-5504-4197-88BB-1BD6447BA955}.Release|Any CPU.Build.0 = Release|Any CPU
	EndGlobalSection
	GlobalSection(SolutionProperties) = preSolution
		HideSolutionNode = FALSE
	EndGlobalSection
EndGlobal
